github.com/btcsuite/btcd/btcec/v2 v2.5.0 h1:KioMXOWa76b86sTZZOmbzv/ldaQCmB8KFAyn5PbB8E8=
github.com/btcsuite/btcd/btcec/v2 v2.5.0/go.mod h1:+K/MYXcLBtHEQjRbjHuJChuybk4LCgjdjgRwil+e+Kk=
github.com/btcsuite/btcd/btcutil v1.2.0 h1:p3+S2g3Q+7G5NOh4Ji+2UrBOrg5Z0Q4ykzShWG1Dhgs=
github.com/btcsuite/btcd/btcutil v1.2.0/go.mod h1:/Taflm113pYjUpbWKKQEfa6XOtI/+WS8awxeMZpY75k=
github.com/decred/dcrd/dcrec/secp256k1/v4 v4.4.0 h1:NMZiJj8QnKe1LgsbDayM4UoHwbvwDRwnI3hwNaAHRnc=
github.com/decred/dcrd/dcrec/secp256k1/v4 v4.4.0/go.mod h1:ZXNYxsqcloTdSy/rNShjYzMhyjf0LaoftYK0p+A3h40=
